<Solution>
  <Project Path="SpeedMeterX.ApiService/SpeedMeterX.ApiService.csproj" />
  <Project Path="SpeedMeterX.AppHost/SpeedMeterX.AppHost.csproj" />
  <Project Path="SpeedMeterX.Mobile/SpeedMeterX.Mobile.csproj" />
  <Project Path="SpeedMeterX.ServiceDefaults/SpeedMeterX.ServiceDefaults.csproj" />
  <Project Path="SpeedMeterX.Tests/SpeedMeterX.Tests.csproj" />
  <Project Path="SpeedMeterX.Web/SpeedMeterX.Web.csproj" />
</Solution>
